
Microsoft Visual Studio Solution File, Format Version 12.00
# Visual Studio Version 17
VisualStudioVersion = 17.11.35312.102
MinimumVisualStudioVersion = 10.0.40219.1
Project("{FAE04EC0-301F-11D3-BF4B-00C04F79EFBC}") = "HansOrtizApuntes", "HansOrtizApuntes.csproj", "{8232EC6F-38AA-48CF-B9E1-3DC448D079DD}"
EndProject
Global
	GlobalSection(SolutionConfigurationPlatforms) = preSolution
		Debug|Any CPU = Debug|Any CPU
		Release|Any CPU = Release|Any CPU
	EndGlobalSection
	GlobalSection(ProjectConfigurationPlatforms) = postSolution
		{8232EC6F-38AA-48CF-B9E1-3DC448D079DD}.Debug|Any CPU.ActiveCfg = Debug|Any CPU
		{8232EC6F-38AA-48CF-B9E1-3DC448D079DD}.Debug|Any CPU.Build.0 = Debug|Any CPU
		{8232EC6F-38AA-48CF-B9E1-3DC448D079DD}.Debug|Any CPU.Deploy.0 = Debug|Any CPU
		{8232EC6F-38AA-48CF-B9E1-3DC448D079DD}.Release|Any CPU.ActiveCfg = Release|Any CPU
		{8232EC6F-38AA-48CF-B9E1-3DC448D079DD}.Release|Any CPU.Build.0 = Release|Any CPU
		{8232EC6F-38AA-48CF-B9E1-3DC448D079DD}.Release|Any CPU.Deploy.0 = Release|Any CPU
	EndGlobalSection
	GlobalSection(SolutionProperties) = preSolution
		HideSolutionNode = FALSE
	EndGlobalSection
	GlobalSection(ExtensibilityGlobals) = postSolution
		SolutionGuid = {147DB819-65A6-4A35-BB82-9BBBDFA765D9}
	EndGlobalSection
EndGlobal
